// !$*UTF8*$!
{
	archiveVersion = 1;
	classes = {
	};
	objectVersion = 46;
	objects = {

/* Begin PBXBuildFile section */
		81C65D781DCBA2C200294BE2 /* AppDelegate.swift in Sources */ = {isa = PBXBuildFile; fileRef = 81C65D771DCBA2C200294BE2 /* AppDelegate.swift */; };
		81C65D7A1DCBA2C200294BE2 /* ViewController.swift in Sources */ = {isa = PBXBuildFile; fileRef = 81C65D791DCBA2C200294BE2 /* ViewController.swift */; };
		81C65D7D1DCBA2C200294BE2 /* Main.storyboard in Resources */ = {isa = PBXBuildFile; fileRef = 81C65D7B1DCBA2C200294BE2 /* Main.storyboard */; };
		81C65D7F1DCBA2C200294BE2 /* Assets.xcassets in Resources */ = {isa = PBXBuildFile; fileRef = 81C65D7E1DCBA2C200294BE2 /* Assets.xcassets */; };
		81C65D821DCBA2C200294BE2 /* LaunchScreen.storyboard in Resources */ = {isa = PBXBuildFile; fileRef = 81C65D801DCBA2C200294BE2 /* LaunchScreen.storyboard */; };
		81C65D8C1DCBB8F900294BE2 /* ColoresStruct.swift in Sources */ = {isa = PBXBuildFile; fileRef = 81C65D8B1DCBB8F900294BE2 /* ColoresStruct.swift */; };
		81C65D8E1DCBD0A700294BE2 /* Datos.swift in Sources */ = {isa = PBXBuildFile; fileRef = 81C65D8D1DCBD0A700294BE2 /* Datos.swift */; };
/* End PBXBuildFile section */

/* Begin PBXFileReference section */
		81C65D741DCBA2C200294BE2 /* Hamburguesas.app */ = {isa = PBXFileReference; explicitFileType = wrapper.application; includeInIndex = 0; path = Hamburguesas.app; sourceTree = BUILT_PRODUCTS_DIR; };
		81C65D771DCBA2C200294BE2 /* AppDelegate.swift */ = {isa = PBXFileReference; lastKnownFileType = sourcecode.swift; path = AppDelegate.swift; sourceTree = "<group>"; };
		81C65D791DCBA2C200294BE2 /* ViewController.swift */ = {isa = PBXFileReference; lastKnownFileType = sourcecode.swift; path = ViewController.swift; sourceTree = "<group>"; };
		81C65D7C1DCBA2C200294BE2 /* Base */ = {isa = PBXFileReference; lastKnownFileType = file.storyboard; name = Base; path = Base.lproj/Main.storyboard; sourceTree = "<group>"; };
		81C65D7E1DCBA2C200294BE2 /* Assets.xcassets */ = {isa = PBXFileReference; lastKnownFileType = folder.assetcatalog; path = Assets.xcassets; sourceTree = "<group>"; };
		81C65D811DCBA2C200294BE2 /* Base */ = {isa = PBXFileReference; lastKnownFileType = file.storyboard; name = Base; path = Base.lproj/LaunchScreen.storyboard; sourceTree = "<group>"; };
		81C65D831DCBA2C200294BE2 /* Info.plist */ = {isa = PBXFileReference; lastKnownFileType = text.plist.xml; path = Info.plist; sourceTree = "<group>"; };
		81C65D891DCBA4D200294BE2 /* MyPlaygroundPrueba.playground */ = {isa = PBXFileReference; lastKnownFileType = file.playground; path = MyPlaygroundPrueba.playground; sourceTree = "<group>"; };
		81C65D8B1DCBB8F900294BE2 /* ColoresStruct.swift */ = {isa = PBXFileReference; fileEncoding = 4; lastKnownFileType = sourcecode.swift; path = ColoresStruct.swift; sourceTree = "<group>"; };
		81C65D8D1DCBD0A700294BE2 /* Datos.swift */ = {isa = PBXFileReference; fileEncoding = 4; lastKnownFileType = sourcecode.swift; path = Datos.swift; sourceTree = "<group>"; };
/* End PBXFileReference section */

/* Begin PBXFrameworksBuildPhase section */
		81C65D711DCBA2C200294BE2 /* Frameworks */ = {
			isa = PBXFrameworksBuildPhase;
			buildActionMask = 2147483647;
			files = (
			);
			runOnlyForDeploymentPostprocessing = 0;
		};
/* End PBXFrameworksBuildPhase section */

/* Begin PBXGroup section */
		81C65D6B1DCBA2C200294BE2 = {
			isa = PBXGroup;
			children = (
				81C65D761DCBA2C200294BE2 /* Hamburguesas */,
				81C65D751DCBA2C200294BE2 /* Products */,
			);
			sourceTree = "<group>";
		};
		81C65D751DCBA2C200294BE2 /* Products */ = {
			isa = PBXGroup;
			children = (
				81C65D741DCBA2C200294BE2 /* Hamburguesas.app */,
			);
			name = Products;
			sourceTree = "<group>";
		};
		81C65D761DCBA2C200294BE2 /* Hamburguesas */ = {
			isa = PBXGroup;
			children = (
				81C65D8A1DCBA4F500294BE2 /* playgrounds */,
				81C65D771DCBA2C200294BE2 /* AppDelegate.swift */,
				81C65D791DCBA2C200294BE2 /* ViewController.swift */,
				81C65D7B1DCBA2C200294BE2 /* Main.storyboard */,
				81C65D7E1DCBA2C200294BE2 /* Assets.xcassets */,
				81C65D801DCBA2C200294BE2 /* LaunchScreen.storyboard */,
				81C65D831DCBA2C200294BE2 /* Info.plist */,
				81C65D8B1DCBB8F900294BE2 /* ColoresStruct.swift */,
				81C65D8D1DCBD0A700294BE2 /* Datos.swift */,
			);
			path = Hamburguesas;
			sourceTree = "<group>";
		};
		81C65D8A1DCBA4F500294BE2 /* playgrounds */ = {
			isa = PBXGroup;
			children = (
				81C65D891DCBA4D200294BE2 /* MyPlaygroundPrueba.playground */,
			);
			name = playgrounds;
			sourceTree = "<group>";
		};
/* End PBXGroup section */

/* Begin PBXNativeTarget section */
		81C65D731DCBA2C200294BE2 /* Hamburguesas */ = {
			isa = PBXNativeTarget;
			buildConfigurationList = 81C65D861DCBA2C200294BE2 /* Build configuration list for PBXNativeTarget "Hamburguesas" */;
			buildPhases = (
				81C65D701DCBA2C200294BE2 /* Sources */,
				81C65D711DCBA2C200294BE2 /* Frameworks */,
				81C65D721DCBA2C200294BE2 /* Resources */,
			);
			buildRules = (
			);
			dependencies = (
			);
			name = Hamburguesas;
			productName = Hamburguesas;
			productReference = 81C65D741DCBA2C200294BE2 /* Hamburguesas.app */;
			productType = "com.apple.product-type.application";
		};
/* End PBXNativeTarget section */

/* Begin PBXProject section */
		81C65D6C1DCBA2C200294BE2 /* Project object */ = {
			isa = PBXProject;
			attributes = {
				LastSwiftUpdateCheck = 0730;
				LastUpgradeCheck = 0730;
				ORGANIZATIONNAME = jlzg;
				TargetAttributes = {
					81C65D731DCBA2C200294BE2 = {
						CreatedOnToolsVersion = 7.3.1;
					};
				};
			};
			buildConfigurationList = 81C65D6F1DCBA2C200294BE2 /* Build configuration list for PBXProject "Hamburguesas" */;
			compatibilityVersion = "Xcode 3.2";
			developmentRegion = English;
			hasScannedForEncodings = 0;
			knownRegions = (
				en,
				Base,
			);
			mainGroup = 81C65D6B1DCBA2C200294BE2;
			productRefGroup = 81C65D751DCBA2C200294BE2 /* Products */;
			projectDirPath = "";
			projectRoot = "";
			targets = (
				81C65D731DCBA2C200294BE2 /* Hamburguesas */,
			);
		};
/* End PBXProject section */

/* Begin PBXResourcesBuildPhase section */
		81C65D721DCBA2C200294BE2 /* Resources */ = {
			isa = PBXResourcesBuildPhase;
			buildActionMask = 2147483647;
			files = (
				81C65D821DCBA2C200294BE2 /* LaunchScreen.storyboard in Resources */,
				81C65D7F1DCBA2C200294BE2 /* Assets.xcassets in Resources */,
				81C65D7D1DCBA2C200294BE2 /* Main.storyboard in Resources */,
			);
			runOnlyForDeploymentPostprocessing = 0;
		};
/* End PBXResourcesBuildPhase section */

/* Begin PBXSourcesBuildPhase section */
		81C65D701DCBA2C200294BE2 /* Sources */ = {
			isa = PBXSourcesBuildPhase;
			buildActionMask = 2147483647;
			files = (
				81C65D7A1DCBA2C200294BE2 /* ViewController.swift in Sources */,
				81C65D8E1DCBD0A700294BE2 /* Datos.swift in Sources */,
				81C65D8C1DCBB8F900294BE2 /* ColoresStruct.swift in Sources */,
				81C65D781DCBA2C200294BE2 /* AppDelegate.swift in Sources */,
			);
			runOnlyForDeploymentPostprocessing = 0;
		};
/* End PBXSourcesBuildPhase section */

/* Begin PBXVariantGroup section */
		81C65D7B1DCBA2C200294BE2 /* Main.storyboard */ = {
			isa = PBXVariantGroup;
			children = (
				81C65D7C1DCBA2C200294BE2 /* Base */,
			);
			name = Main.storyboard;
			sourceTree = "<group>";
		};
		81C65D801DCBA2C200294BE2 /* LaunchScreen.storyboard */ = {
			isa = PBXVariantGroup;
			children = (
				81C65D811DCBA2C200294BE2 /* Base */,
			);
			name = LaunchScreen.storyboard;
			sourceTree = "<group>";
		};
/* End PBXVariantGroup section */

/* Begin XCBuildConfiguration section */
		81C65D841DCBA2C200294BE2 /* Debug */ = {
			isa = XCBuildConfiguration;
			buildSettings = {
				ALWAYS_SEARCH_USER_PATHS = NO;
				CLANG_ANALYZER_NONNULL = YES;
				CLANG_CXX_LANGUAGE_STANDARD = "gnu++0x";
				CLANG_CXX_LIBRARY = "libc++";
				CLANG_ENABLE_MODULES = YES;
				CLANG_ENABLE_OBJC_ARC = YES;
				CLANG_WARN_BOOL_CONVERSION = YES;
				CLANG_WARN_CONSTANT_CONVERSION = YES;
				CLANG_WARN_DIRECT_OBJC_ISA_USAGE = YES_ERROR;
				CLANG_WARN_EMPTY_BODY = YES;
				CLANG_WARN_ENUM_CONVERSION = YES;
				CLANG_WARN_INT_CONVERSION = YES;
				CLANG_WARN_OBJC_ROOT_CLASS = YES_ERROR;
				CLANG_WARN_UNREACHABLE_CODE = YES;
				CLANG_WARN__DUPLICATE_METHOD_MATCH = YES;
				"CODE_SIGN_IDENTITY[sdk=iphoneos*]" = "iPhone Developer";
				COPY_PHASE_STRIP = NO;
				DEBUG_INFORMATION_FORMAT = dwarf;
				ENABLE_STRICT_OBJC_MSGSEND = YES;
				ENABLE_TESTABILITY = YES;
				GCC_C_LANGUAGE_STANDARD = gnu99;
				GCC_DYNAMIC_NO_PIC = NO;
				GCC_NO_COMMON_BLOCKS = YES;
				GCC_OPTIMIZATION_LEVEL = 0;
				GCC_PREPROCESSOR_DEFINITIONS = (
					"DEBUG=1",
					"$(inherited)",
				);
				GCC_WARN_64_TO_32_BIT_CONVERSION = YES;
				GCC_WARN_ABOUT_RETURN_TYPE = YES_ERROR;
				GCC_WARN_UNDECLARED_SELECTOR = YES;
				GCC_WARN_UNINITIALIZED_AUTOS = YES_AGGRESSIVE;
				GCC_WARN_UNUSED_FUNCTION = YES;
				GCC_WARN_UNUSED_VARIABLE = YES;
				IPHONEOS_DEPLOYMENT_TARGET = 9.3;
				MTL_ENABLE_DEBUG_INFO = YES;
				ONLY_ACTIVE_ARCH = YES;
				SDKROOT = iphoneos;
				SWIFT_OPTIMIZATION_LEVEL = "-Onone";
			};
			name = Debug;
		};
		81C65D851DCBA2C200294BE2 /* Release */ = {
			isa = XCBuildConfiguration;
			buildSettings = {
				ALWAYS_SEARCH_USER_PATHS = NO;
				CLANG_ANALYZER_NONNULL = YES;
				CLANG_CXX_LANGUAGE_STANDARD = "gnu++0x";
				CLANG_CXX_LIBRARY = "libc++";
				CLANG_ENABLE_MODULES = YES;
				CLANG_ENABLE_OBJC_ARC = YES;
				CLANG_WARN_BOOL_CONVERSION = YES;
				CLANG_WARN_CONSTANT_CONVERSION = YES;
				CLANG_WARN_DIRECT_OBJC_ISA_USAGE = YES_ERROR;
				CLANG_WARN_EMPTY_BODY = YES;
				CLANG_WARN_ENUM_CONVERSION = YES;
				CLANG_WARN_INT_CONVERSION = YES;
				CLANG_WARN_OBJC_ROOT_CLASS = YES_ERROR;
				CLANG_WARN_UNREACHABLE_CODE = YES;
				CLANG_WARN__DUPLICATE_METHOD_MATCH = YES;
				"CODE_SIGN_IDENTITY[sdk=iphoneos*]" = "iPhone Developer";
				COPY_PHASE_STRIP = NO;
				DEBUG_INFORMATION_FORMAT = "dwarf-with-dsym";
				ENABLE_NS_ASSERTIONS = NO;
				ENABLE_STRICT_OBJC_MSGSEND = YES;
				GCC_C_LANGUAGE_STANDARD = gnu99;
				GCC_NO_COMMON_BLOCKS = YES;
				GCC_WARN_64_TO_32_BIT_CONVERSION = YES;
				GCC_WARN_ABOUT_RETURN_TYPE = YES_ERROR;
				GCC_WARN_UNDECLARED_SELECTOR = YES;
				GCC_WARN_UNINITIALIZED_AUTOS = YES_AGGRESSIVE;
				GCC_WARN_UNUSED_FUNCTION = YES;
				GCC_WARN_UNUSED_VARIABLE = YES;
				IPHONEOS_DEPLOYMENT_TARGET = 9.3;
				MTL_ENABLE_DEBUG_INFO = NO;
				SDKROOT = iphoneos;
				VALIDATE_PRODUCT = YES;
			};
			name = Release;
		};
		81C65D871DCBA2C200294BE2 /* Debug */ = {
			isa = XCBuildConfiguration;
			buildSettings = {
				ASSETCATALOG_COMPILER_APPICON_NAME = AppIcon;
				INFOPLIST_FILE = Hamburguesas/Info.plist;
				LD_RUNPATH_SEARCH_PATHS = "$(inherited) @executable_path/Frameworks";
				PRODUCT_BUNDLE_IDENTIFIER = mx.Hamburguesas;
				PRODUCT_NAME = "$(TARGET_NAME)";
			};
			name = Debug;
		};
		81C65D881DCBA2C200294BE2 /* Release */ = {
			isa = XCBuildConfiguration;
			buildSettings = {
				ASSETCATALOG_COMPILER_APPICON_NAME = AppIcon;
				INFOPLIST_FILE = Hamburguesas/Info.plist;
				LD_RUNPATH_SEARCH_PATHS = "$(inherited) @executable_path/Frameworks";
				PRODUCT_BUNDLE_IDENTIFIER = mx.Hamburguesas;
				PRODUCT_NAME = "$(TARGET_NAME)";
			};
			name = Release;
		};
/* End XCBuildConfiguration section */

/* Begin XCConfigurationList section */
		81C65D6F1DCBA2C200294BE2 /* Build configuration list for PBXProject "Hamburguesas" */ = {
			isa = XCConfigurationList;
			buildConfigurations = (
				81C65D841DCBA2C200294BE2 /* Debug */,
				81C65D851DCBA2C200294BE2 /* Release */,
			);
			defaultConfigurationIsVisible = 0;
			defaultConfigurationName = Release;
		};
		81C65D861DCBA2C200294BE2 /* Build configuration list for PBXNativeTarget "Hamburguesas" */ = {
			isa = XCConfigurationList;
			buildConfigurations = (
				81C65D871DCBA2C200294BE2 /* Debug */,
				81C65D881DCBA2C200294BE2 /* Release */,
			);
			defaultConfigurationIsVisible = 0;
		};
/* End XCConfigurationList section */
	};
	rootObject = 81C65D6C1DCBA2C200294BE2 /* Project object */;
}
